
Microsoft Visual Studio Solution File, Format Version 12.00
# Visual Studio 15
VisualStudioVersion = 15.0.27428.2005
MinimumVisualStudioVersion = 10.0.40219.1
Project("{FAE04EC0-301F-11D3-BF4B-00C04F79EFBC}") = "AspNetCore.Learning.Basic", "AspNetCore.Learning.Basic\AspNetCore.Learning.Basic.csproj", "{37A75E36-F771-4972-AD18-889766CB713B}"
EndProject
Global
	GlobalSection(SolutionConfigurationPlatforms) = preSolution
		Debug|Any CPU = Debug|Any CPU
		Release|Any CPU = Release|Any CPU
	EndGlobalSection
	GlobalSection(ProjectConfigurationPlatforms) = postSolution
		{37A75E36-F771-4972-AD18-889766CB713B}.Debug|Any CPU.ActiveCfg = Debug|Any CPU
		{37A75E36-F771-4972-AD18-889766CB713B}.Debug|Any CPU.Build.0 = Debug|Any CPU
		{37A75E36-F771-4972-AD18-889766CB713B}.Release|Any CPU.ActiveCfg = Release|Any CPU
		{37A75E36-F771-4972-AD18-889766CB713B}.Release|Any CPU.Build.0 = Release|Any CPU
	EndGlobalSection
	GlobalSection(SolutionProperties) = preSolution
		HideSolutionNode = FALSE
	EndGlobalSection
	GlobalSection(ExtensibilityGlobals) = postSolution
		SolutionGuid = {E3143DD6-B0A2-4DF5-8A49-C9E7BD5AC54C}
	EndGlobalSection
EndGlobal
